
Microsoft Visual Studio Solution File, Format Version 12.00
# Visual Studio 15
VisualStudioVersion = 15.0.28307.852
MinimumVisualStudioVersion = 10.0.40219.1
Project("{FAE04EC0-301F-11D3-BF4B-00C04F79EFBC}") = "Feed", "Feed\Feed.csproj", "{F3F9A826-1F1F-46FF-855C-A537DDCE2C6E}"
EndProject
Global
	GlobalSection(SolutionConfigurationPlatforms) = preSolution
		Debug|Any CPU = Debug|Any CPU
		Release|Any CPU = Release|Any CPU
	EndGlobalSection
	GlobalSection(ProjectConfigurationPlatforms) = postSolution
		{F3F9A826-1F1F-46FF-855C-A537DDCE2C6E}.Debug|Any CPU.ActiveCfg = Debug|Any CPU
		{F3F9A826-1F1F-46FF-855C-A537DDCE2C6E}.Debug|Any CPU.Build.0 = Debug|Any CPU
		{F3F9A826-1F1F-46FF-855C-A537DDCE2C6E}.Release|Any CPU.ActiveCfg = Release|Any CPU
		{F3F9A826-1F1F-46FF-855C-A537DDCE2C6E}.Release|Any CPU.Build.0 = Release|Any CPU
	EndGlobalSection
	GlobalSection(SolutionProperties) = preSolution
		HideSolutionNode = FALSE
	EndGlobalSection
	GlobalSection(ExtensibilityGlobals) = postSolution
		SolutionGuid = {4EF7A867-E7F9-4854-B79C-17396174BB30}
	EndGlobalSection
EndGlobal
